# This file is automatically @generated by Cargo.
# It is not intended for manual editing.
version = 3

[[package]]
name = "arguments"
version = "0.6.2"
source = "registry+https://github.com/rust-lang/crates.io-index"
checksum = "ef446ba94fd640b51609759f5280d5d2927386b58a1a4946594b4145f5d4a4c8"
dependencies = [
 "options",
]

[[package]]
name = "options"
version = "0.5.1"
source = "registry+https://github.com/rust-lang/crates.io-index"
checksum = "7cae662c78308e9d468ee0548cd8852e66a9b4a945c16ddcc6eed3dd9ef14cb0"

[[package]]
name = "unicode-segmentation"
version = "1.8.0"
source = "registry+https://github.com/rust-lang/crates.io-index"
checksum = "8895849a949e7845e06bd6dc1aa51731a103c42707010a5b591c0038fb73385b"

[[package]]
name = "wordle-hacks"
version = "0.1.0"
dependencies = [
 "arguments",
 "unicode-segmentation",
]
